
Microsoft Visual Studio Solution File, Format Version 12.00
# Visual Studio Version 17
VisualStudioVersion = 17.5.33627.172
MinimumVisualStudioVersion = 10.0.40219.1
Project("{FAE04EC0-301F-11D3-BF4B-00C04F79EFBC}") = "Test01", "Test01\Test01.csproj", "{998A94BF-DF61-4F47-8A3A-AA4FA431251E}"
EndProject
Global
	GlobalSection(SolutionConfigurationPlatforms) = preSolution
		Debug|Any CPU = Debug|Any CPU
		Release|Any CPU = Release|Any CPU
	EndGlobalSection
	GlobalSection(ProjectConfigurationPlatforms) = postSolution
		{998A94BF-DF61-4F47-8A3A-AA4FA431251E}.Debug|Any CPU.ActiveCfg = Debug|Any CPU
		{998A94BF-DF61-4F47-8A3A-AA4FA431251E}.Debug|Any CPU.Build.0 = Debug|Any CPU
		{998A94BF-DF61-4F47-8A3A-AA4FA431251E}.Release|Any CPU.ActiveCfg = Release|Any CPU
		{998A94BF-DF61-4F47-8A3A-AA4FA431251E}.Release|Any CPU.Build.0 = Release|Any CPU
	EndGlobalSection
	GlobalSection(SolutionProperties) = preSolution
		HideSolutionNode = FALSE
	EndGlobalSection
	GlobalSection(ExtensibilityGlobals) = postSolution
		SolutionGuid = {4B6BFA74-453D-4C34-BEA5-B74FA1119037}
	EndGlobalSection
EndGlobal
